
Microsoft Visual Studio Solution File, Format Version 12.00
# Visual Studio Version 17
VisualStudioVersion = 17.11.35303.130
MinimumVisualStudioVersion = 10.0.40219.1
Project("{2150E333-8FDC-42A3-9474-1A3956D46DE8}") = "Task0", "Task0", "{5DD56956-192A-4704-9A1F-F5199DCF9C3C}"
EndProject
Project("{9A19103F-16F7-4668-BE54-9A1E7A4F7556}") = "Tyuiu.NikiforovFA.Sprint6.Task0.V4.Lib", "Tyuiu.NikiforovFA.Sprint6.Task0.V4.Lib\Tyuiu.NikiforovFA.Sprint6.Task0.V4.Lib.csproj", "{84496C4D-ACB4-47E6-83DC-E254AD2CBF69}"
EndProject
Project("{9A19103F-16F7-4668-BE54-9A1E7A4F7556}") = "Tyuiu.NikiforovFA.Sprint6.Task0.V4.Test", "Tyuiu.NikiforovFA.Sprint6.Task0.V4.Test\Tyuiu.NikiforovFA.Sprint6.Task0.V4.Test.csproj", "{46E781E6-1C94-40AE-B50E-39B08477E336}"
EndProject
Project("{9A19103F-16F7-4668-BE54-9A1E7A4F7556}") = "Tyuiu.NikiforovFA.Sprint6.Task0.V4", "Tyuiu.NikiforovFA.Sprint6.Task0.V4\Tyuiu.NikiforovFA.Sprint6.Task0.V4.csproj", "{BA001879-AD70-4764-8D21-0B16A18ACC7A}"
EndProject
Project("{2150E333-8FDC-42A3-9474-1A3956D46DE8}") = "Task1", "Task1", "{5BA6C10D-6351-4129-86FF-0391D72FF6F1}"
EndProject
Project("{9A19103F-16F7-4668-BE54-9A1E7A4F7556}") = "Tyuiu.NikiforovFA.Sprint6.Task1.V23.Lib", "Tyuiu.NikiforovFA.Sprint6.Task1.V23.Lib\Tyuiu.NikiforovFA.Sprint6.Task1.V23.Lib.csproj", "{AAC3DF12-F05C-458B-A1E6-91B7133D5C64}"
EndProject
Project("{9A19103F-16F7-4668-BE54-9A1E7A4F7556}") = "Tyuiu.NikiforovFA.Sprint6.Task1.V23.Test", "Tyuiu.NikiforovFA.Sprint6.Task1.V23.Test\Tyuiu.NikiforovFA.Sprint6.Task1.V23.Test.csproj", "{CE732C7A-4955-4C1C-8052-6A0F83A9EA09}"
EndProject
Project("{9A19103F-16F7-4668-BE54-9A1E7A4F7556}") = "Tyuiu.NikiforovFA.Sprint6.Task1.V23", "Tyuiu.NikiforovFA.Sprint6.Task1.V23\Tyuiu.NikiforovFA.Sprint6.Task1.V23.csproj", "{0D6A1A5A-650A-4D84-BEE6-343ACD72F8FA}"
EndProject
Project("{2150E333-8FDC-42A3-9474-1A3956D46DE8}") = "Task2", "Task2", "{A65A3804-B3B0-4350-9AC9-534671B9AC68}"
EndProject
Project("{9A19103F-16F7-4668-BE54-9A1E7A4F7556}") = "Tyuiu.NikiforovFA.Sprint6.Task2.V16.Lib", "Tyuiu.NikiforovFA.Sprint6.Task2.V16.Lib\Tyuiu.NikiforovFA.Sprint6.Task2.V16.Lib.csproj", "{5943F4ED-E591-47DC-ABD0-837814A375C3}"
EndProject
Project("{9A19103F-16F7-4668-BE54-9A1E7A4F7556}") = "Tyuiu.NikiforovFA.Sprint6.Task2.V16.Test", "Tyuiu.NikiforovFA.Sprint6.Task2.V16.Test\Tyuiu.NikiforovFA.Sprint6.Task2.V16.Test.csproj", "{B7321A9D-5CBD-4D8A-A007-14F5CB775D57}"
EndProject
Project("{9A19103F-16F7-4668-BE54-9A1E7A4F7556}") = "Tyuiu.NikiforovFA.Sprint6.Task2.V16", "Tyuiu.NikiforovFA.Sprint6.Task2.V16\Tyuiu.NikiforovFA.Sprint6.Task2.V16.csproj", "{179FACD8-E3AD-4F40-A3F5-1F1DD15A5E8C}"
EndProject
Project("{2150E333-8FDC-42A3-9474-1A3956D46DE8}") = "Task3", "Task3", "{3EAFC163-6A6F-41CD-B57B-9A0910EE6BED}"
EndProject
Project("{9A19103F-16F7-4668-BE54-9A1E7A4F7556}") = "Tyuiu.NikiforovFA.Sprint6.Task3.V19.Lib", "Tyuiu.NikiforovFA.Sprint6.Task3.V19.Lib\Tyuiu.NikiforovFA.Sprint6.Task3.V19.Lib.csproj", "{ED8576D3-6DC6-49A7-98B8-BA1F8DB6F62F}"
EndProject
Project("{9A19103F-16F7-4668-BE54-9A1E7A4F7556}") = "Tyuiu.NikiforovFA.Sprint6.Task3.V19.Test", "Tyuiu.NikiforovFA.Sprint6.Task3.V19.Test\Tyuiu.NikiforovFA.Sprint6.Task3.V19.Test.csproj", "{7F7F15D8-8928-4958-BA7A-C3B73BC2CA6B}"
EndProject
Project("{9A19103F-16F7-4668-BE54-9A1E7A4F7556}") = "Tyuiu.NikiforovFA.Sprint6.Task3.V19", "Tyuiu.NikiforovFA.Sprint6.Task3.V19\Tyuiu.NikiforovFA.Sprint6.Task3.V19.csproj", "{BFADDABC-14E1-4411-AACF-E6F1892C671E}"
EndProject
Project("{2150E333-8FDC-42A3-9474-1A3956D46DE8}") = "Task4", "Task4", "{E389C7C9-70A5-4839-9C3A-2666705ADF5E}"
EndProject
Project("{9A19103F-16F7-4668-BE54-9A1E7A4F7556}") = "Tyuiu.NikiforovFA.Sprint6.Task4.V20.Lib", "Tyuiu.NikiforovFA.Sprint6.Task4.V20.Lib\Tyuiu.NikiforovFA.Sprint6.Task4.V20.Lib.csproj", "{243FCE56-F9E2-4162-85DA-F16342BD7C98}"
EndProject
Project("{9A19103F-16F7-4668-BE54-9A1E7A4F7556}") = "Tyuiu.NikiforovFA.Sprint6.Task4.V20.Test", "Tyuiu.NikiforovFA.Sprint6.Task4.V20.Test\Tyuiu.NikiforovFA.Sprint6.Task4.V20.Test.csproj", "{0B9F99DA-AF94-45F9-A3B8-C9DD1480E916}"
EndProject
Project("{9A19103F-16F7-4668-BE54-9A1E7A4F7556}") = "Tyuiu.NikiforovFA.Sprint6.Task4.V20", "Tyuiu.NikiforovFA.Sprint6.Task4.V20\Tyuiu.NikiforovFA.Sprint6.Task4.V20.csproj", "{C1004957-567C-4557-8BCE-59B3AAC9FA6A}"
EndProject
Project("{2150E333-8FDC-42A3-9474-1A3956D46DE8}") = "Task5", "Task5", "{515DD779-DC83-4C89-A053-D83FBC5D8074}"
EndProject
Project("{9A19103F-16F7-4668-BE54-9A1E7A4F7556}") = "Tyuiu.NikiforovFA.Sprint6.Task5.V5.Lib", "Tyuiu.NikiforovFA.Sprint6.Task5.V5.Lib\Tyuiu.NikiforovFA.Sprint6.Task5.V5.Lib.csproj", "{EA4332D9-DF19-40C4-A00D-BC6CBD3F22BA}"
EndProject
Project("{9A19103F-16F7-4668-BE54-9A1E7A4F7556}") = "Tyuiu.NikiforovFA.Sprint6.Task5.V5.Test", "Tyuiu.NikiforovFA.Sprint6.Task5.V5.Test\Tyuiu.NikiforovFA.Sprint6.Task5.V5.Test.csproj", "{6E7AC903-E264-4FF7-B87A-DC49DFED72AF}"
EndProject
Project("{9A19103F-16F7-4668-BE54-9A1E7A4F7556}") = "Tyuiu.NikiforovFA.Sprint6.Task5.V5", "Tyuiu.NikiforovFA.Sprint6.Task5.V5\Tyuiu.NikiforovFA.Sprint6.Task5.V5.csproj", "{BDA91808-A6C5-48BE-AF5A-97266DF1D741}"
EndProject
Project("{2150E333-8FDC-42A3-9474-1A3956D46DE8}") = "Task6", "Task6", "{B228163F-83E2-4F46-A159-7E98EC6FEB12}"
EndProject
Project("{9A19103F-16F7-4668-BE54-9A1E7A4F7556}") = "Tyuiu.NikiforovFA.Sprint6.Task6.V27.Test", "Tyuiu.NikiforovFA.Sprint6.Task6.V27.Test\Tyuiu.NikiforovFA.Sprint6.Task6.V27.Test.csproj", "{B97721BA-8CAA-4F87-9A5A-90E4F2BB9DD0}"
EndProject
Project("{9A19103F-16F7-4668-BE54-9A1E7A4F7556}") = "Tyuiu.NikiforovFA.Sprint6.Task6.V27.Lib", "Tyuiu.NikiforovFA.Sprint6.Task6.V27.Lib\Tyuiu.NikiforovFA.Sprint6.Task6.V27.Lib.csproj", "{4645C042-D561-44AD-A0D3-9EFDCF7A1D01}"
EndProject
Project("{9A19103F-16F7-4668-BE54-9A1E7A4F7556}") = "Tyuiu.NikiforovFA.Sprint6.Task6.V27", "Tyuiu.NikiforovFA.Sprint6.Task6.V27\Tyuiu.NikiforovFA.Sprint6.Task6.V27.csproj", "{BAEB265B-720A-4FE6-81B9-206057B5D590}"
EndProject
Project("{2150E333-8FDC-42A3-9474-1A3956D46DE8}") = "Task7", "Task7", "{865A73F4-65DE-4072-A587-7949DE4D9DF4}"
EndProject
Project("{9A19103F-16F7-4668-BE54-9A1E7A4F7556}") = "Tyuiu.NikiforovFA.Sprint6.Task7.V14.Test", "Tyuiu.NikiforovFA.Sprint6.Task7.V14.Test\Tyuiu.NikiforovFA.Sprint6.Task7.V14.Test.csproj", "{F30A68A7-DE7A-485B-BD52-8A41F80C7D62}"
EndProject
Project("{9A19103F-16F7-4668-BE54-9A1E7A4F7556}") = "Tyuiu.NikiforovFA.Sprint6.Task7.V14", "Tyuiu.NikiforovFA.Sprint6.Task7.V14\Tyuiu.NikiforovFA.Sprint6.Task7.V14.csproj", "{2AD35F77-2A36-45BF-950B-B91F6EDC245B}"
EndProject
Project("{FAE04EC0-301F-11D3-BF4B-00C04F79EFBC}") = "Tyuiu.NikiforovFA.Sprint6.Task7.V14.Lib", "Tyuiu.NikiforovFA.Sprint6.Task7.V14.Lib\Tyuiu.NikiforovFA.Sprint6.Task7.V14.Lib.csproj", "{C611E03C-F026-44F5-9CAA-A6F2A5622E85}"
EndProject
Global
	GlobalSection(SolutionConfigurationPlatforms) = preSolution
		Debug|Any CPU = Debug|Any CPU
		Release|Any CPU = Release|Any CPU
	EndGlobalSection
	GlobalSection(ProjectConfigurationPlatforms) = postSolution
		{84496C4D-ACB4-47E6-83DC-E254AD2CBF69}.Debug|Any CPU.ActiveCfg = Debug|Any CPU
		{84496C4D-ACB4-47E6-83DC-E254AD2CBF69}.Debug|Any CPU.Build.0 = Debug|Any CPU
		{84496C4D-ACB4-47E6-83DC-E254AD2CBF69}.Release|Any CPU.ActiveCfg = Release|Any CPU
		{84496C4D-ACB4-47E6-83DC-E254AD2CBF69}.Release|Any CPU.Build.0 = Release|Any CPU
		{46E781E6-1C94-40AE-B50E-39B08477E336}.Debug|Any CPU.ActiveCfg = Debug|Any CPU
		{46E781E6-1C94-40AE-B50E-39B08477E336}.Debug|Any CPU.Build.0 = Debug|Any CPU
		{46E781E6-1C94-40AE-B50E-39B08477E336}.Release|Any CPU.ActiveCfg = Release|Any CPU
		{46E781E6-1C94-40AE-B50E-39B08477E336}.Release|Any CPU.Build.0 = Release|Any CPU
		{BA001879-AD70-4764-8D21-0B16A18ACC7A}.Debug|Any CPU.ActiveCfg = Debug|Any CPU
		{BA001879-AD70-4764-8D21-0B16A18ACC7A}.Debug|Any CPU.Build.0 = Debug|Any CPU
		{BA001879-AD70-4764-8D21-0B16A18ACC7A}.Release|Any CPU.ActiveCfg = Release|Any CPU
		{BA001879-AD70-4764-8D21-0B16A18ACC7A}.Release|Any CPU.Build.0 = Release|Any CPU
		{AAC3DF12-F05C-458B-A1E6-91B7133D5C64}.Debug|Any CPU.ActiveCfg = Debug|Any CPU
		{AAC3DF12-F05C-458B-A1E6-91B7133D5C64}.Debug|Any CPU.Build.0 = Debug|Any CPU
		{AAC3DF12-F05C-458B-A1E6-91B7133D5C64}.Release|Any CPU.ActiveCfg = Release|Any CPU
		{AAC3DF12-F05C-458B-A1E6-91B7133D5C64}.Release|Any CPU.Build.0 = Release|Any CPU
		{CE732C7A-4955-4C1C-8052-6A0F83A9EA09}.Debug|Any CPU.ActiveCfg = Debug|Any CPU
		{CE732C7A-4955-4C1C-8052-6A0F83A9EA09}.Debug|Any CPU.Build.0 = Debug|Any CPU
		{CE732C7A-4955-4C1C-8052-6A0F83A9EA09}.Release|Any CPU.ActiveCfg = Release|Any CPU
		{CE732C7A-4955-4C1C-8052-6A0F83A9EA09}.Release|Any CPU.Build.0 = Release|Any CPU
		{0D6A1A5A-650A-4D84-BEE6-343ACD72F8FA}.Debug|Any CPU.ActiveCfg = Debug|Any CPU
		{0D6A1A5A-650A-4D84-BEE6-343ACD72F8FA}.Debug|Any CPU.Build.0 = Debug|Any CPU
		{0D6A1A5A-650A-4D84-BEE6-343ACD72F8FA}.Release|Any CPU.ActiveCfg = Release|Any CPU
		{0D6A1A5A-650A-4D84-BEE6-343ACD72F8FA}.Release|Any CPU.Build.0 = Release|Any CPU
		{5943F4ED-E591-47DC-ABD0-837814A375C3}.Debug|Any CPU.ActiveCfg = Debug|Any CPU
		{5943F4ED-E591-47DC-ABD0-837814A375C3}.Debug|Any CPU.Build.0 = Debug|Any CPU
		{5943F4ED-E591-47DC-ABD0-837814A375C3}.Release|Any CPU.ActiveCfg = Release|Any CPU
		{5943F4ED-E591-47DC-ABD0-837814A375C3}.Release|Any CPU.Build.0 = Release|Any CPU
		{B7321A9D-5CBD-4D8A-A007-14F5CB775D57}.Debug|Any CPU.ActiveCfg = Debug|Any CPU
		{B7321A9D-5CBD-4D8A-A007-14F5CB775D57}.Debug|Any CPU.Build.0 = Debug|Any CPU
		{B7321A9D-5CBD-4D8A-A007-14F5CB775D57}.Release|Any CPU.ActiveCfg = Release|Any CPU
		{B7321A9D-5CBD-4D8A-A007-14F5CB775D57}.Release|Any CPU.Build.0 = Release|Any CPU
		{179FACD8-E3AD-4F40-A3F5-1F1DD15A5E8C}.Debug|Any CPU.ActiveCfg = Debug|Any CPU
		{179FACD8-E3AD-4F40-A3F5-1F1DD15A5E8C}.Debug|Any CPU.Build.0 = Debug|Any CPU
		{179FACD8-E3AD-4F40-A3F5-1F1DD15A5E8C}.Release|Any CPU.ActiveCfg = Release|Any CPU
		{179FACD8-E3AD-4F40-A3F5-1F1DD15A5E8C}.Release|Any CPU.Build.0 = Release|Any CPU
		{ED8576D3-6DC6-49A7-98B8-BA1F8DB6F62F}.Debug|Any CPU.ActiveCfg = Debug|Any CPU
		{ED8576D3-6DC6-49A7-98B8-BA1F8DB6F62F}.Debug|Any CPU.Build.0 = Debug|Any CPU
		{ED8576D3-6DC6-49A7-98B8-BA1F8DB6F62F}.Release|Any CPU.ActiveCfg = Release|Any CPU
		{ED8576D3-6DC6-49A7-98B8-BA1F8DB6F62F}.Release|Any CPU.Build.0 = Release|Any CPU
		{7F7F15D8-8928-4958-BA7A-C3B73BC2CA6B}.Debug|Any CPU.ActiveCfg = Debug|Any CPU
		{7F7F15D8-8928-4958-BA7A-C3B73BC2CA6B}.Debug|Any CPU.Build.0 = Debug|Any CPU
		{7F7F15D8-8928-4958-BA7A-C3B73BC2CA6B}.Release|Any CPU.ActiveCfg = Release|Any CPU
		{7F7F15D8-8928-4958-BA7A-C3B73BC2CA6B}.Release|Any CPU.Build.0 = Release|Any CPU
		{BFADDABC-14E1-4411-AACF-E6F1892C671E}.Debug|Any CPU.ActiveCfg = Debug|Any CPU
		{BFADDABC-14E1-4411-AACF-E6F1892C671E}.Debug|Any CPU.Build.0 = Debug|Any CPU
		{BFADDABC-14E1-4411-AACF-E6F1892C671E}.Release|Any CPU.ActiveCfg = Release|Any CPU
		{BFADDABC-14E1-4411-AACF-E6F1892C671E}.Release|Any CPU.Build.0 = Release|Any CPU
		{243FCE56-F9E2-4162-85DA-F16342BD7C98}.Debug|Any CPU.ActiveCfg = Debug|Any CPU
		{243FCE56-F9E2-4162-85DA-F16342BD7C98}.Debug|Any CPU.Build.0 = Debug|Any CPU
		{243FCE56-F9E2-4162-85DA-F16342BD7C98}.Release|Any CPU.ActiveCfg = Release|Any CPU
		{243FCE56-F9E2-4162-85DA-F16342BD7C98}.Release|Any CPU.Build.0 = Release|Any CPU
		{0B9F99DA-AF94-45F9-A3B8-C9DD1480E916}.Debug|Any CPU.ActiveCfg = Debug|Any CPU
		{0B9F99DA-AF94-45F9-A3B8-C9DD1480E916}.Debug|Any CPU.Build.0 = Debug|Any CPU
		{0B9F99DA-AF94-45F9-A3B8-C9DD1480E916}.Release|Any CPU.ActiveCfg = Release|Any CPU
		{0B9F99DA-AF94-45F9-A3B8-C9DD1480E916}.Release|Any CPU.Build.0 = Release|Any CPU
		{C1004957-567C-4557-8BCE-59B3AAC9FA6A}.Debug|Any CPU.ActiveCfg = Debug|Any CPU
		{C1004957-567C-4557-8BCE-59B3AAC9FA6A}.Debug|Any CPU.Build.0 = Debug|Any CPU
		{C1004957-567C-4557-8BCE-59B3AAC9FA6A}.Release|Any CPU.ActiveCfg = Release|Any CPU
		{C1004957-567C-4557-8BCE-59B3AAC9FA6A}.Release|Any CPU.Build.0 = Release|Any CPU
		{EA4332D9-DF19-40C4-A00D-BC6CBD3F22BA}.Debug|Any CPU.ActiveCfg = Debug|Any CPU
		{EA4332D9-DF19-40C4-A00D-BC6CBD3F22BA}.Debug|Any CPU.Build.0 = Debug|Any CPU
		{EA4332D9-DF19-40C4-A00D-BC6CBD3F22BA}.Release|Any CPU.ActiveCfg = Release|Any CPU
		{EA4332D9-DF19-40C4-A00D-BC6CBD3F22BA}.Release|Any CPU.Build.0 = Release|Any CPU
		{6E7AC903-E264-4FF7-B87A-DC49DFED72AF}.Debug|Any CPU.ActiveCfg = Debug|Any CPU
		{6E7AC903-E264-4FF7-B87A-DC49DFED72AF}.Debug|Any CPU.Build.0 = Debug|Any CPU
		{6E7AC903-E264-4FF7-B87A-DC49DFED72AF}.Release|Any CPU.ActiveCfg = Release|Any CPU
		{6E7AC903-E264-4FF7-B87A-DC49DFED72AF}.Release|Any CPU.Build.0 = Release|Any CPU
		{BDA91808-A6C5-48BE-AF5A-97266DF1D741}.Debug|Any CPU.ActiveCfg = Debug|Any CPU
		{BDA91808-A6C5-48BE-AF5A-97266DF1D741}.Debug|Any CPU.Build.0 = Debug|Any CPU
		{BDA91808-A6C5-48BE-AF5A-97266DF1D741}.Release|Any CPU.ActiveCfg = Release|Any CPU
		{BDA91808-A6C5-48BE-AF5A-97266DF1D741}.Release|Any CPU.Build.0 = Release|Any CPU
		{B97721BA-8CAA-4F87-9A5A-90E4F2BB9DD0}.Debug|Any CPU.ActiveCfg = Debug|Any CPU
		{B97721BA-8CAA-4F87-9A5A-90E4F2BB9DD0}.Debug|Any CPU.Build.0 = Debug|Any CPU
		{B97721BA-8CAA-4F87-9A5A-90E4F2BB9DD0}.Release|Any CPU.ActiveCfg = Release|Any CPU
		{B97721BA-8CAA-4F87-9A5A-90E4F2BB9DD0}.Release|Any CPU.Build.0 = Release|Any CPU
		{4645C042-D561-44AD-A0D3-9EFDCF7A1D01}.Debug|Any CPU.ActiveCfg = Debug|Any CPU
		{4645C042-D561-44AD-A0D3-9EFDCF7A1D01}.Debug|Any CPU.Build.0 = Debug|Any CPU
		{4645C042-D561-44AD-A0D3-9EFDCF7A1D01}.Release|Any CPU.ActiveCfg = Release|Any CPU
		{4645C042-D561-44AD-A0D3-9EFDCF7A1D01}.Release|Any CPU.Build.0 = Release|Any CPU
		{BAEB265B-720A-4FE6-81B9-206057B5D590}.Debug|Any CPU.ActiveCfg = Debug|Any CPU
		{BAEB265B-720A-4FE6-81B9-206057B5D590}.Debug|Any CPU.Build.0 = Debug|Any CPU
		{BAEB265B-720A-4FE6-81B9-206057B5D590}.Release|Any CPU.ActiveCfg = Release|Any CPU
		{BAEB265B-720A-4FE6-81B9-206057B5D590}.Release|Any CPU.Build.0 = Release|Any CPU
		{F30A68A7-DE7A-485B-BD52-8A41F80C7D62}.Debug|Any CPU.ActiveCfg = Debug|Any CPU
		{F30A68A7-DE7A-485B-BD52-8A41F80C7D62}.Debug|Any CPU.Build.0 = Debug|Any CPU
		{F30A68A7-DE7A-485B-BD52-8A41F80C7D62}.Release|Any CPU.ActiveCfg = Release|Any CPU
		{F30A68A7-DE7A-485B-BD52-8A41F80C7D62}.Release|Any CPU.Build.0 = Release|Any CPU
		{2AD35F77-2A36-45BF-950B-B91F6EDC245B}.Debug|Any CPU.ActiveCfg = Debug|Any CPU
		{2AD35F77-2A36-45BF-950B-B91F6EDC245B}.Debug|Any CPU.Build.0 = Debug|Any CPU
		{2AD35F77-2A36-45BF-950B-B91F6EDC245B}.Release|Any CPU.ActiveCfg = Release|Any CPU
		{2AD35F77-2A36-45BF-950B-B91F6EDC245B}.Release|Any CPU.Build.0 = Release|Any CPU
		{C611E03C-F026-44F5-9CAA-A6F2A5622E85}.Debug|Any CPU.ActiveCfg = Debug|Any CPU
		{C611E03C-F026-44F5-9CAA-A6F2A5622E85}.Debug|Any CPU.Build.0 = Debug|Any CPU
		{C611E03C-F026-44F5-9CAA-A6F2A5622E85}.Release|Any CPU.ActiveCfg = Release|Any CPU
		{C611E03C-F026-44F5-9CAA-A6F2A5622E85}.Release|Any CPU.Build.0 = Release|Any CPU
	EndGlobalSection
	GlobalSection(SolutionProperties) = preSolution
		HideSolutionNode = FALSE
	EndGlobalSection
	GlobalSection(NestedProjects) = preSolution
		{84496C4D-ACB4-47E6-83DC-E254AD2CBF69} = {5DD56956-192A-4704-9A1F-F5199DCF9C3C}
		{46E781E6-1C94-40AE-B50E-39B08477E336} = {5DD56956-192A-4704-9A1F-F5199DCF9C3C}
		{BA001879-AD70-4764-8D21-0B16A18ACC7A} = {5DD56956-192A-4704-9A1F-F5199DCF9C3C}
		{AAC3DF12-F05C-458B-A1E6-91B7133D5C64} = {5BA6C10D-6351-4129-86FF-0391D72FF6F1}
		{CE732C7A-4955-4C1C-8052-6A0F83A9EA09} = {5BA6C10D-6351-4129-86FF-0391D72FF6F1}
		{0D6A1A5A-650A-4D84-BEE6-343ACD72F8FA} = {5BA6C10D-6351-4129-86FF-0391D72FF6F1}
		{5943F4ED-E591-47DC-ABD0-837814A375C3} = {A65A3804-B3B0-4350-9AC9-534671B9AC68}
		{B7321A9D-5CBD-4D8A-A007-14F5CB775D57} = {A65A3804-B3B0-4350-9AC9-534671B9AC68}
		{179FACD8-E3AD-4F40-A3F5-1F1DD15A5E8C} = {A65A3804-B3B0-4350-9AC9-534671B9AC68}
		{ED8576D3-6DC6-49A7-98B8-BA1F8DB6F62F} = {3EAFC163-6A6F-41CD-B57B-9A0910EE6BED}
		{7F7F15D8-8928-4958-BA7A-C3B73BC2CA6B} = {3EAFC163-6A6F-41CD-B57B-9A0910EE6BED}
		{BFADDABC-14E1-4411-AACF-E6F1892C671E} = {3EAFC163-6A6F-41CD-B57B-9A0910EE6BED}
		{243FCE56-F9E2-4162-85DA-F16342BD7C98} = {E389C7C9-70A5-4839-9C3A-2666705ADF5E}
		{0B9F99DA-AF94-45F9-A3B8-C9DD1480E916} = {E389C7C9-70A5-4839-9C3A-2666705ADF5E}
		{C1004957-567C-4557-8BCE-59B3AAC9FA6A} = {E389C7C9-70A5-4839-9C3A-2666705ADF5E}
		{EA4332D9-DF19-40C4-A00D-BC6CBD3F22BA} = {515DD779-DC83-4C89-A053-D83FBC5D8074}
		{6E7AC903-E264-4FF7-B87A-DC49DFED72AF} = {515DD779-DC83-4C89-A053-D83FBC5D8074}
		{BDA91808-A6C5-48BE-AF5A-97266DF1D741} = {515DD779-DC83-4C89-A053-D83FBC5D8074}
		{B97721BA-8CAA-4F87-9A5A-90E4F2BB9DD0} = {B228163F-83E2-4F46-A159-7E98EC6FEB12}
		{4645C042-D561-44AD-A0D3-9EFDCF7A1D01} = {B228163F-83E2-4F46-A159-7E98EC6FEB12}
		{BAEB265B-720A-4FE6-81B9-206057B5D590} = {B228163F-83E2-4F46-A159-7E98EC6FEB12}
		{F30A68A7-DE7A-485B-BD52-8A41F80C7D62} = {865A73F4-65DE-4072-A587-7949DE4D9DF4}
		{2AD35F77-2A36-45BF-950B-B91F6EDC245B} = {865A73F4-65DE-4072-A587-7949DE4D9DF4}
		{C611E03C-F026-44F5-9CAA-A6F2A5622E85} = {865A73F4-65DE-4072-A587-7949DE4D9DF4}
	EndGlobalSection
	GlobalSection(ExtensibilityGlobals) = postSolution
		SolutionGuid = {F5318586-5BFC-4797-BA24-0335F6163EBB}
	EndGlobalSection
EndGlobal
